
Microsoft Visual Studio Solution File, Format Version 12.00
# Visual Studio Version 17
VisualStudioVersion = 17.0.31903.59
MinimumVisualStudioVersion = 10.0.40219.1
Project("{2150E333-8FDC-42A3-9474-1A3956D46DE8}") = "ApplicationProjects", "ApplicationProjects", "{C42AAB02-495C-4C98-AF5A-50BBBFD294CF}"
EndProject
Project("{2150E333-8FDC-42A3-9474-1A3956D46DE8}") = "DataStructures", "DataStructures", "{BACDCB38-A818-47A4-AA8D-F87943CFC2BE}"
EndProject
Project("{2150E333-8FDC-42A3-9474-1A3956D46DE8}") = "Tests", "Tests", "{EF53A0D9-D87D-43BF-84B6-ABB55D02D30E}"
EndProject
Project("{2150E333-8FDC-42A3-9474-1A3956D46DE8}") = "UI", "UI", "{81C821AF-EE6D-44BF-938C-872DF5AA66BE}"
EndProject
Project("{9A19103F-16F7-4668-BE54-9A1E7A4F7556}") = "LimitOfDataType", "LimitOfDataType\LimitOfDataType.csproj", "{3959B29C-FE5D-4F36-BAC7-71C841C963D4}"
EndProject
Project("{2150E333-8FDC-42A3-9474-1A3956D46DE8}") = "ApplicationProjectsTests", "ApplicationProjectsTests", "{3EA2F283-ECEB-47EE-83C8-6C53C970AF58}"
EndProject
Project("{9A19103F-16F7-4668-BE54-9A1E7A4F7556}") = "TheUnitOfDataTypesTest", "TheUnitOfDataTypesTest\TheUnitOfDataTypesTest.csproj", "{A604DE77-09B0-4EE7-9DCE-FE7442012DE5}"
EndProject
Project("{9A19103F-16F7-4668-BE54-9A1E7A4F7556}") = "ValueAndReferenceTypes", "ValueAndReferenceTypes\ValueAndReferenceTypes.csproj", "{B3F31854-F464-4E97-9A54-4D30DDB4B3A6}"
EndProject
Project("{9A19103F-16F7-4668-BE54-9A1E7A4F7556}") = "ReferenceAndValueTypesTests", "ReferenceAndValueTypesTests\ReferenceAndValueTypesTests.csproj", "{1B35D334-6054-423C-9EAF-2194A7816AE2}"
EndProject
Project("{9A19103F-16F7-4668-BE54-9A1E7A4F7556}") = "RefAndOutConsoleApp", "RefAndOutConsoleApp\RefAndOutConsoleApp.csproj", "{E63B8D0A-0132-4A09-9AE8-C67312DA6B41}"
EndProject
Project("{9A19103F-16F7-4668-BE54-9A1E7A4F7556}") = "Array", "Array\Array.csproj", "{8D09C551-97A9-488A-AAC3-62E11B718D30}"
EndProject
Project("{2150E333-8FDC-42A3-9474-1A3956D46DE8}") = "DataStructuresTest", "DataStructuresTest", "{4A90F9F2-D3E8-41F3-B5C9-3A2083A6BFE3}"
EndProject
Project("{9A19103F-16F7-4668-BE54-9A1E7A4F7556}") = "ValueAndRefTypeApp", "ValueAndRefTypeApp\ValueAndRefTypeApp.csproj", "{7C3192AE-A738-41D9-882F-E18AB7B225F1}"
EndProject
Project("{9A19103F-16F7-4668-BE54-9A1E7A4F7556}") = "ArrayApp", "ArrayApp\ArrayApp.csproj", "{C07E3B08-B3F8-4041-BAD5-1E6ADAC700D2}"
EndProject
Project("{2150E333-8FDC-42A3-9474-1A3956D46DE8}") = "ArrayTests", "ArrayTests", "{A567ABCB-30CE-4DC5-A602-8CF170E79ABF}"
EndProject
Project("{9A19103F-16F7-4668-BE54-9A1E7A4F7556}") = "ArrayTest", "ArrayTest\ArrayTest.csproj", "{1AE4B4C1-DFF6-4E2B-9817-3D11036A6783}"
EndProject
Project("{9A19103F-16F7-4668-BE54-9A1E7A4F7556}") = "CollectionsTests", "CollectionsTests\CollectionsTests.csproj", "{CEA0E0F9-71EF-42C0-A515-67939A0A8155}"
EndProject
Project("{9A19103F-16F7-4668-BE54-9A1E7A4F7556}") = "LinkedListApp", "LinkedListApp\LinkedListApp.csproj", "{2D0531B6-E9EE-4346-9282-32A65B88C7AE}"
EndProject
Project("{9A19103F-16F7-4668-BE54-9A1E7A4F7556}") = "LinkedList", "LinkedList\LinkedList.csproj", "{C2FCA970-226E-424F-BAB2-23B35F340936}"
EndProject
Project("{2150E333-8FDC-42A3-9474-1A3956D46DE8}") = "LinkedListTests", "LinkedListTests", "{92960AD8-3261-446C-95AE-7F114BAABBDB}"
EndProject
Project("{9A19103F-16F7-4668-BE54-9A1E7A4F7556}") = "LinkedListTests", "LinkedListTests\LinkedListTests.csproj", "{AF833236-B7DE-4C44-BC95-4C8B44B75A9D}"
EndProject
Project("{9A19103F-16F7-4668-BE54-9A1E7A4F7556}") = "BinaryTreeApp", "BinaryTreeApp\BinaryTreeApp.csproj", "{40B50D85-BAF1-4A4A-BBD7-793D72C28A79}"
EndProject
Project("{FAE04EC0-301F-11D3-BF4B-00C04F79EFBC}") = "Trees", "Trees\Trees.csproj", "{1709CD89-22BD-49CD-A1BE-C547CE8EFA19}"
EndProject
Global
	GlobalSection(SolutionConfigurationPlatforms) = preSolution
		Debug|Any CPU = Debug|Any CPU
		Release|Any CPU = Release|Any CPU
	EndGlobalSection
	GlobalSection(ProjectConfigurationPlatforms) = postSolution
		{3959B29C-FE5D-4F36-BAC7-71C841C963D4}.Debug|Any CPU.ActiveCfg = Debug|Any CPU
		{3959B29C-FE5D-4F36-BAC7-71C841C963D4}.Debug|Any CPU.Build.0 = Debug|Any CPU
		{3959B29C-FE5D-4F36-BAC7-71C841C963D4}.Release|Any CPU.ActiveCfg = Release|Any CPU
		{3959B29C-FE5D-4F36-BAC7-71C841C963D4}.Release|Any CPU.Build.0 = Release|Any CPU
		{A604DE77-09B0-4EE7-9DCE-FE7442012DE5}.Debug|Any CPU.ActiveCfg = Debug|Any CPU
		{A604DE77-09B0-4EE7-9DCE-FE7442012DE5}.Debug|Any CPU.Build.0 = Debug|Any CPU
		{A604DE77-09B0-4EE7-9DCE-FE7442012DE5}.Release|Any CPU.ActiveCfg = Release|Any CPU
		{A604DE77-09B0-4EE7-9DCE-FE7442012DE5}.Release|Any CPU.Build.0 = Release|Any CPU
		{B3F31854-F464-4E97-9A54-4D30DDB4B3A6}.Debug|Any CPU.ActiveCfg = Debug|Any CPU
		{B3F31854-F464-4E97-9A54-4D30DDB4B3A6}.Debug|Any CPU.Build.0 = Debug|Any CPU
		{B3F31854-F464-4E97-9A54-4D30DDB4B3A6}.Release|Any CPU.ActiveCfg = Release|Any CPU
		{B3F31854-F464-4E97-9A54-4D30DDB4B3A6}.Release|Any CPU.Build.0 = Release|Any CPU
		{1B35D334-6054-423C-9EAF-2194A7816AE2}.Debug|Any CPU.ActiveCfg = Debug|Any CPU
		{1B35D334-6054-423C-9EAF-2194A7816AE2}.Debug|Any CPU.Build.0 = Debug|Any CPU
		{1B35D334-6054-423C-9EAF-2194A7816AE2}.Release|Any CPU.ActiveCfg = Release|Any CPU
		{1B35D334-6054-423C-9EAF-2194A7816AE2}.Release|Any CPU.Build.0 = Release|Any CPU
		{E63B8D0A-0132-4A09-9AE8-C67312DA6B41}.Debug|Any CPU.ActiveCfg = Debug|Any CPU
		{E63B8D0A-0132-4A09-9AE8-C67312DA6B41}.Debug|Any CPU.Build.0 = Debug|Any CPU
		{E63B8D0A-0132-4A09-9AE8-C67312DA6B41}.Release|Any CPU.ActiveCfg = Release|Any CPU
		{E63B8D0A-0132-4A09-9AE8-C67312DA6B41}.Release|Any CPU.Build.0 = Release|Any CPU
		{8D09C551-97A9-488A-AAC3-62E11B718D30}.Debug|Any CPU.ActiveCfg = Debug|Any CPU
		{8D09C551-97A9-488A-AAC3-62E11B718D30}.Debug|Any CPU.Build.0 = Debug|Any CPU
		{8D09C551-97A9-488A-AAC3-62E11B718D30}.Release|Any CPU.ActiveCfg = Release|Any CPU
		{8D09C551-97A9-488A-AAC3-62E11B718D30}.Release|Any CPU.Build.0 = Release|Any CPU
		{7C3192AE-A738-41D9-882F-E18AB7B225F1}.Debug|Any CPU.ActiveCfg = Debug|Any CPU
		{7C3192AE-A738-41D9-882F-E18AB7B225F1}.Debug|Any CPU.Build.0 = Debug|Any CPU
		{7C3192AE-A738-41D9-882F-E18AB7B225F1}.Release|Any CPU.ActiveCfg = Release|Any CPU
		{7C3192AE-A738-41D9-882F-E18AB7B225F1}.Release|Any CPU.Build.0 = Release|Any CPU
		{C07E3B08-B3F8-4041-BAD5-1E6ADAC700D2}.Debug|Any CPU.ActiveCfg = Debug|Any CPU
		{C07E3B08-B3F8-4041-BAD5-1E6ADAC700D2}.Debug|Any CPU.Build.0 = Debug|Any CPU
		{C07E3B08-B3F8-4041-BAD5-1E6ADAC700D2}.Release|Any CPU.ActiveCfg = Release|Any CPU
		{C07E3B08-B3F8-4041-BAD5-1E6ADAC700D2}.Release|Any CPU.Build.0 = Release|Any CPU
		{1AE4B4C1-DFF6-4E2B-9817-3D11036A6783}.Debug|Any CPU.ActiveCfg = Debug|Any CPU
		{1AE4B4C1-DFF6-4E2B-9817-3D11036A6783}.Debug|Any CPU.Build.0 = Debug|Any CPU
		{1AE4B4C1-DFF6-4E2B-9817-3D11036A6783}.Release|Any CPU.ActiveCfg = Release|Any CPU
		{1AE4B4C1-DFF6-4E2B-9817-3D11036A6783}.Release|Any CPU.Build.0 = Release|Any CPU
		{CEA0E0F9-71EF-42C0-A515-67939A0A8155}.Debug|Any CPU.ActiveCfg = Debug|Any CPU
		{CEA0E0F9-71EF-42C0-A515-67939A0A8155}.Debug|Any CPU.Build.0 = Debug|Any CPU
		{CEA0E0F9-71EF-42C0-A515-67939A0A8155}.Release|Any CPU.ActiveCfg = Release|Any CPU
		{CEA0E0F9-71EF-42C0-A515-67939A0A8155}.Release|Any CPU.Build.0 = Release|Any CPU
		{2D0531B6-E9EE-4346-9282-32A65B88C7AE}.Debug|Any CPU.ActiveCfg = Debug|Any CPU
		{2D0531B6-E9EE-4346-9282-32A65B88C7AE}.Debug|Any CPU.Build.0 = Debug|Any CPU
		{2D0531B6-E9EE-4346-9282-32A65B88C7AE}.Release|Any CPU.ActiveCfg = Release|Any CPU
		{2D0531B6-E9EE-4346-9282-32A65B88C7AE}.Release|Any CPU.Build.0 = Release|Any CPU
		{C2FCA970-226E-424F-BAB2-23B35F340936}.Debug|Any CPU.ActiveCfg = Debug|Any CPU
		{C2FCA970-226E-424F-BAB2-23B35F340936}.Debug|Any CPU.Build.0 = Debug|Any CPU
		{C2FCA970-226E-424F-BAB2-23B35F340936}.Release|Any CPU.ActiveCfg = Release|Any CPU
		{C2FCA970-226E-424F-BAB2-23B35F340936}.Release|Any CPU.Build.0 = Release|Any CPU
		{AF833236-B7DE-4C44-BC95-4C8B44B75A9D}.Debug|Any CPU.ActiveCfg = Debug|Any CPU
		{AF833236-B7DE-4C44-BC95-4C8B44B75A9D}.Debug|Any CPU.Build.0 = Debug|Any CPU
		{AF833236-B7DE-4C44-BC95-4C8B44B75A9D}.Release|Any CPU.ActiveCfg = Release|Any CPU
		{AF833236-B7DE-4C44-BC95-4C8B44B75A9D}.Release|Any CPU.Build.0 = Release|Any CPU
		{40B50D85-BAF1-4A4A-BBD7-793D72C28A79}.Debug|Any CPU.ActiveCfg = Debug|Any CPU
		{40B50D85-BAF1-4A4A-BBD7-793D72C28A79}.Debug|Any CPU.Build.0 = Debug|Any CPU
		{40B50D85-BAF1-4A4A-BBD7-793D72C28A79}.Release|Any CPU.ActiveCfg = Release|Any CPU
		{40B50D85-BAF1-4A4A-BBD7-793D72C28A79}.Release|Any CPU.Build.0 = Release|Any CPU
		{1709CD89-22BD-49CD-A1BE-C547CE8EFA19}.Debug|Any CPU.ActiveCfg = Debug|Any CPU
		{1709CD89-22BD-49CD-A1BE-C547CE8EFA19}.Debug|Any CPU.Build.0 = Debug|Any CPU
		{1709CD89-22BD-49CD-A1BE-C547CE8EFA19}.Release|Any CPU.ActiveCfg = Release|Any CPU
		{1709CD89-22BD-49CD-A1BE-C547CE8EFA19}.Release|Any CPU.Build.0 = Release|Any CPU
	EndGlobalSection
	GlobalSection(SolutionProperties) = preSolution
		HideSolutionNode = FALSE
	EndGlobalSection
	GlobalSection(NestedProjects) = preSolution
		{3959B29C-FE5D-4F36-BAC7-71C841C963D4} = {C42AAB02-495C-4C98-AF5A-50BBBFD294CF}
		{3EA2F283-ECEB-47EE-83C8-6C53C970AF58} = {EF53A0D9-D87D-43BF-84B6-ABB55D02D30E}
		{A604DE77-09B0-4EE7-9DCE-FE7442012DE5} = {3EA2F283-ECEB-47EE-83C8-6C53C970AF58}
		{B3F31854-F464-4E97-9A54-4D30DDB4B3A6} = {C42AAB02-495C-4C98-AF5A-50BBBFD294CF}
		{1B35D334-6054-423C-9EAF-2194A7816AE2} = {3EA2F283-ECEB-47EE-83C8-6C53C970AF58}
		{E63B8D0A-0132-4A09-9AE8-C67312DA6B41} = {81C821AF-EE6D-44BF-938C-872DF5AA66BE}
		{8D09C551-97A9-488A-AAC3-62E11B718D30} = {BACDCB38-A818-47A4-AA8D-F87943CFC2BE}
		{4A90F9F2-D3E8-41F3-B5C9-3A2083A6BFE3} = {EF53A0D9-D87D-43BF-84B6-ABB55D02D30E}
		{7C3192AE-A738-41D9-882F-E18AB7B225F1} = {81C821AF-EE6D-44BF-938C-872DF5AA66BE}
		{C07E3B08-B3F8-4041-BAD5-1E6ADAC700D2} = {81C821AF-EE6D-44BF-938C-872DF5AA66BE}
		{A567ABCB-30CE-4DC5-A602-8CF170E79ABF} = {4A90F9F2-D3E8-41F3-B5C9-3A2083A6BFE3}
		{1AE4B4C1-DFF6-4E2B-9817-3D11036A6783} = {A567ABCB-30CE-4DC5-A602-8CF170E79ABF}
		{CEA0E0F9-71EF-42C0-A515-67939A0A8155} = {3EA2F283-ECEB-47EE-83C8-6C53C970AF58}
		{2D0531B6-E9EE-4346-9282-32A65B88C7AE} = {81C821AF-EE6D-44BF-938C-872DF5AA66BE}
		{C2FCA970-226E-424F-BAB2-23B35F340936} = {BACDCB38-A818-47A4-AA8D-F87943CFC2BE}
		{92960AD8-3261-446C-95AE-7F114BAABBDB} = {4A90F9F2-D3E8-41F3-B5C9-3A2083A6BFE3}
		{AF833236-B7DE-4C44-BC95-4C8B44B75A9D} = {92960AD8-3261-446C-95AE-7F114BAABBDB}
		{40B50D85-BAF1-4A4A-BBD7-793D72C28A79} = {81C821AF-EE6D-44BF-938C-872DF5AA66BE}
		{1709CD89-22BD-49CD-A1BE-C547CE8EFA19} = {BACDCB38-A818-47A4-AA8D-F87943CFC2BE}
	EndGlobalSection
	GlobalSection(ExtensibilityGlobals) = postSolution
		SolutionGuid = {FBAD09D7-CAF9-4CDE-A2C5-D50A6C3C9E3D}
	EndGlobalSection
EndGlobal
