
Microsoft Visual Studio Solution File, Format Version 12.00
# Visual Studio Version 17
VisualStudioVersion = 17.0.31903.59
MinimumVisualStudioVersion = 10.0.40219.1
Project("{2150E333-8FDC-42A3-9474-1A3956D46DE8}") = "ApplicationProjects", "ApplicationProjects", "{C42AAB02-495C-4C98-AF5A-50BBBFD294CF}"
EndProject
Project("{2150E333-8FDC-42A3-9474-1A3956D46DE8}") = "DataStructures", "DataStructures", "{BACDCB38-A818-47A4-AA8D-F87943CFC2BE}"
EndProject
Project("{2150E333-8FDC-42A3-9474-1A3956D46DE8}") = "Tests", "Tests", "{EF53A0D9-D87D-43BF-84B6-ABB55D02D30E}"
EndProject
Project("{2150E333-8FDC-42A3-9474-1A3956D46DE8}") = "UI", "UI", "{81C821AF-EE6D-44BF-938C-872DF5AA66BE}"
EndProject
Project("{9A19103F-16F7-4668-BE54-9A1E7A4F7556}") = "LimitOfDataType", "LimitOfDataType\LimitOfDataType.csproj", "{3959B29C-FE5D-4F36-BAC7-71C841C963D4}"
EndProject
Project("{2150E333-8FDC-42A3-9474-1A3956D46DE8}") = "ApplicationProjectsTests", "ApplicationProjectsTests", "{3EA2F283-ECEB-47EE-83C8-6C53C970AF58}"
EndProject
Project("{9A19103F-16F7-4668-BE54-9A1E7A4F7556}") = "TheUnitOfDataTypesTest", "TheUnitOfDataTypesTest\TheUnitOfDataTypesTest.csproj", "{A604DE77-09B0-4EE7-9DCE-FE7442012DE5}"
EndProject
Project("{9A19103F-16F7-4668-BE54-9A1E7A4F7556}") = "ValueAndReferenceTypes", "ValueAndReferenceTypes\ValueAndReferenceTypes.csproj", "{B3F31854-F464-4E97-9A54-4D30DDB4B3A6}"
EndProject
Project("{9A19103F-16F7-4668-BE54-9A1E7A4F7556}") = "ReferenceAndValueTypesTests", "ReferenceAndValueTypesTests\ReferenceAndValueTypesTests.csproj", "{1B35D334-6054-423C-9EAF-2194A7816AE2}"
EndProject
Project("{9A19103F-16F7-4668-BE54-9A1E7A4F7556}") = "RecordTypeTest", "RecordTypeTest\RecordTypeTest.csproj", "{1F16C3C1-47F1-4F90-9F45-2447BE1781C8}"
EndProject
Project("{9A19103F-16F7-4668-BE54-9A1E7A4F7556}") = "TheRecordTypeTest", "TheRecordTypeTest\TheRecordTypeTest.csproj", "{3BEEFA24-41EA-4E96-8702-73BFD3A69119}"
EndProject
Project("{9A19103F-16F7-4668-BE54-9A1E7A4F7556}") = "ClassTypeTest", "ClassTypeTest\ClassTypeTest.csproj", "{EE23A343-9983-4EC4-8875-BCB93936FD05}"
EndProject
Project("{9A19103F-16F7-4668-BE54-9A1E7A4F7556}") = "ClassTypeTestt", "ClassTypeTestt\ClassTypeTestt.csproj", "{6578BF38-34C0-487D-8D9F-CAF428BF0CA4}"
EndProject
Project("{FAE04EC0-301F-11D3-BF4B-00C04F79EFBC}") = "RefAndOutConsoleApp", "RefAndOutConsoleApp\RefAndOutConsoleApp.csproj", "{E63B8D0A-0132-4A09-9AE8-C67312DA6B41}"
EndProject
Project("{FAE04EC0-301F-11D3-BF4B-00C04F79EFBC}") = "Array", "Array\Array.csproj", "{8D09C551-97A9-488A-AAC3-62E11B718D30}"
EndProject
Project("{2150E333-8FDC-42A3-9474-1A3956D46DE8}") = "DataStructuresTest", "DataStructuresTest", "{4A90F9F2-D3E8-41F3-B5C9-3A2083A6BFE3}"
EndProject
Project("{2150E333-8FDC-42A3-9474-1A3956D46DE8}") = "Array", "Array", "{BB728E5F-44B8-40FE-89A1-CE6EEBEA4CF1}"
EndProject
Project("{FAE04EC0-301F-11D3-BF4B-00C04F79EFBC}") = "ArrayTests", "ArrayTests\ArrayTests.csproj", "{0E0A5520-9CE8-48F8-9ABA-B429BA1C2FE4}"
EndProject
Global
	GlobalSection(SolutionConfigurationPlatforms) = preSolution
		Debug|Any CPU = Debug|Any CPU
		Release|Any CPU = Release|Any CPU
	EndGlobalSection
	GlobalSection(ProjectConfigurationPlatforms) = postSolution
		{3959B29C-FE5D-4F36-BAC7-71C841C963D4}.Debug|Any CPU.ActiveCfg = Debug|Any CPU
		{3959B29C-FE5D-4F36-BAC7-71C841C963D4}.Debug|Any CPU.Build.0 = Debug|Any CPU
		{3959B29C-FE5D-4F36-BAC7-71C841C963D4}.Release|Any CPU.ActiveCfg = Release|Any CPU
		{3959B29C-FE5D-4F36-BAC7-71C841C963D4}.Release|Any CPU.Build.0 = Release|Any CPU
		{A604DE77-09B0-4EE7-9DCE-FE7442012DE5}.Debug|Any CPU.ActiveCfg = Debug|Any CPU
		{A604DE77-09B0-4EE7-9DCE-FE7442012DE5}.Debug|Any CPU.Build.0 = Debug|Any CPU
		{A604DE77-09B0-4EE7-9DCE-FE7442012DE5}.Release|Any CPU.ActiveCfg = Release|Any CPU
		{A604DE77-09B0-4EE7-9DCE-FE7442012DE5}.Release|Any CPU.Build.0 = Release|Any CPU
		{B3F31854-F464-4E97-9A54-4D30DDB4B3A6}.Debug|Any CPU.ActiveCfg = Debug|Any CPU
		{B3F31854-F464-4E97-9A54-4D30DDB4B3A6}.Debug|Any CPU.Build.0 = Debug|Any CPU
		{B3F31854-F464-4E97-9A54-4D30DDB4B3A6}.Release|Any CPU.ActiveCfg = Release|Any CPU
		{B3F31854-F464-4E97-9A54-4D30DDB4B3A6}.Release|Any CPU.Build.0 = Release|Any CPU
		{1B35D334-6054-423C-9EAF-2194A7816AE2}.Debug|Any CPU.ActiveCfg = Debug|Any CPU
		{1B35D334-6054-423C-9EAF-2194A7816AE2}.Debug|Any CPU.Build.0 = Debug|Any CPU
		{1B35D334-6054-423C-9EAF-2194A7816AE2}.Release|Any CPU.ActiveCfg = Release|Any CPU
		{1B35D334-6054-423C-9EAF-2194A7816AE2}.Release|Any CPU.Build.0 = Release|Any CPU
		{1F16C3C1-47F1-4F90-9F45-2447BE1781C8}.Debug|Any CPU.ActiveCfg = Debug|Any CPU
		{1F16C3C1-47F1-4F90-9F45-2447BE1781C8}.Debug|Any CPU.Build.0 = Debug|Any CPU
		{1F16C3C1-47F1-4F90-9F45-2447BE1781C8}.Release|Any CPU.ActiveCfg = Release|Any CPU
		{1F16C3C1-47F1-4F90-9F45-2447BE1781C8}.Release|Any CPU.Build.0 = Release|Any CPU
		{3BEEFA24-41EA-4E96-8702-73BFD3A69119}.Debug|Any CPU.ActiveCfg = Debug|Any CPU
		{3BEEFA24-41EA-4E96-8702-73BFD3A69119}.Debug|Any CPU.Build.0 = Debug|Any CPU
		{3BEEFA24-41EA-4E96-8702-73BFD3A69119}.Release|Any CPU.ActiveCfg = Release|Any CPU
		{3BEEFA24-41EA-4E96-8702-73BFD3A69119}.Release|Any CPU.Build.0 = Release|Any CPU
		{EE23A343-9983-4EC4-8875-BCB93936FD05}.Debug|Any CPU.ActiveCfg = Debug|Any CPU
		{EE23A343-9983-4EC4-8875-BCB93936FD05}.Debug|Any CPU.Build.0 = Debug|Any CPU
		{EE23A343-9983-4EC4-8875-BCB93936FD05}.Release|Any CPU.ActiveCfg = Release|Any CPU
		{EE23A343-9983-4EC4-8875-BCB93936FD05}.Release|Any CPU.Build.0 = Release|Any CPU
		{6578BF38-34C0-487D-8D9F-CAF428BF0CA4}.Debug|Any CPU.ActiveCfg = Debug|Any CPU
		{6578BF38-34C0-487D-8D9F-CAF428BF0CA4}.Debug|Any CPU.Build.0 = Debug|Any CPU
		{6578BF38-34C0-487D-8D9F-CAF428BF0CA4}.Release|Any CPU.ActiveCfg = Release|Any CPU
		{6578BF38-34C0-487D-8D9F-CAF428BF0CA4}.Release|Any CPU.Build.0 = Release|Any CPU
		{E63B8D0A-0132-4A09-9AE8-C67312DA6B41}.Debug|Any CPU.ActiveCfg = Debug|Any CPU
		{E63B8D0A-0132-4A09-9AE8-C67312DA6B41}.Debug|Any CPU.Build.0 = Debug|Any CPU
		{E63B8D0A-0132-4A09-9AE8-C67312DA6B41}.Release|Any CPU.ActiveCfg = Release|Any CPU
		{E63B8D0A-0132-4A09-9AE8-C67312DA6B41}.Release|Any CPU.Build.0 = Release|Any CPU
		{8D09C551-97A9-488A-AAC3-62E11B718D30}.Debug|Any CPU.ActiveCfg = Debug|Any CPU
		{8D09C551-97A9-488A-AAC3-62E11B718D30}.Debug|Any CPU.Build.0 = Debug|Any CPU
		{8D09C551-97A9-488A-AAC3-62E11B718D30}.Release|Any CPU.ActiveCfg = Release|Any CPU
		{8D09C551-97A9-488A-AAC3-62E11B718D30}.Release|Any CPU.Build.0 = Release|Any CPU
		{0E0A5520-9CE8-48F8-9ABA-B429BA1C2FE4}.Debug|Any CPU.ActiveCfg = Debug|Any CPU
		{0E0A5520-9CE8-48F8-9ABA-B429BA1C2FE4}.Debug|Any CPU.Build.0 = Debug|Any CPU
		{0E0A5520-9CE8-48F8-9ABA-B429BA1C2FE4}.Release|Any CPU.ActiveCfg = Release|Any CPU
		{0E0A5520-9CE8-48F8-9ABA-B429BA1C2FE4}.Release|Any CPU.Build.0 = Release|Any CPU
	EndGlobalSection
	GlobalSection(SolutionProperties) = preSolution
		HideSolutionNode = FALSE
	EndGlobalSection
	GlobalSection(NestedProjects) = preSolution
		{3959B29C-FE5D-4F36-BAC7-71C841C963D4} = {C42AAB02-495C-4C98-AF5A-50BBBFD294CF}
		{3EA2F283-ECEB-47EE-83C8-6C53C970AF58} = {EF53A0D9-D87D-43BF-84B6-ABB55D02D30E}
		{A604DE77-09B0-4EE7-9DCE-FE7442012DE5} = {3EA2F283-ECEB-47EE-83C8-6C53C970AF58}
		{B3F31854-F464-4E97-9A54-4D30DDB4B3A6} = {C42AAB02-495C-4C98-AF5A-50BBBFD294CF}
		{1B35D334-6054-423C-9EAF-2194A7816AE2} = {3EA2F283-ECEB-47EE-83C8-6C53C970AF58}
		{1F16C3C1-47F1-4F90-9F45-2447BE1781C8} = {C42AAB02-495C-4C98-AF5A-50BBBFD294CF}
		{3BEEFA24-41EA-4E96-8702-73BFD3A69119} = {3EA2F283-ECEB-47EE-83C8-6C53C970AF58}
		{EE23A343-9983-4EC4-8875-BCB93936FD05} = {3EA2F283-ECEB-47EE-83C8-6C53C970AF58}
		{6578BF38-34C0-487D-8D9F-CAF428BF0CA4} = {C42AAB02-495C-4C98-AF5A-50BBBFD294CF}
		{E63B8D0A-0132-4A09-9AE8-C67312DA6B41} = {81C821AF-EE6D-44BF-938C-872DF5AA66BE}
		{8D09C551-97A9-488A-AAC3-62E11B718D30} = {BACDCB38-A818-47A4-AA8D-F87943CFC2BE}
		{4A90F9F2-D3E8-41F3-B5C9-3A2083A6BFE3} = {EF53A0D9-D87D-43BF-84B6-ABB55D02D30E}
		{BB728E5F-44B8-40FE-89A1-CE6EEBEA4CF1} = {4A90F9F2-D3E8-41F3-B5C9-3A2083A6BFE3}
		{0E0A5520-9CE8-48F8-9ABA-B429BA1C2FE4} = {BB728E5F-44B8-40FE-89A1-CE6EEBEA4CF1}
	EndGlobalSection
	GlobalSection(ExtensibilityGlobals) = postSolution
		SolutionGuid = {FBAD09D7-CAF9-4CDE-A2C5-D50A6C3C9E3D}
	EndGlobalSection
EndGlobal
